
Microsoft Visual Studio Solution File, Format Version 12.00
# Visual Studio 15
VisualStudioVersion = 15.0.27130.2027
MinimumVisualStudioVersion = 10.0.40219.1
Project("{FAE04EC0-301F-11D3-BF4B-00C04F79EFBC}") = "EmployeesPair", "EmployeesPair\EmployeesPair.csproj", "{E72553C1-A43E-486B-92A4-F0D5E5B9E88F}"
EndProject
Global
	GlobalSection(SolutionConfigurationPlatforms) = preSolution
		Debug|Any CPU = Debug|Any CPU
		Release|Any CPU = Release|Any CPU
	EndGlobalSection
	GlobalSection(ProjectConfigurationPlatforms) = postSolution
		{E72553C1-A43E-486B-92A4-F0D5E5B9E88F}.Debug|Any CPU.ActiveCfg = Debug|Any CPU
		{E72553C1-A43E-486B-92A4-F0D5E5B9E88F}.Debug|Any CPU.Build.0 = Debug|Any CPU
		{E72553C1-A43E-486B-92A4-F0D5E5B9E88F}.Release|Any CPU.ActiveCfg = Release|Any CPU
		{E72553C1-A43E-486B-92A4-F0D5E5B9E88F}.Release|Any CPU.Build.0 = Release|Any CPU
	EndGlobalSection
	GlobalSection(SolutionProperties) = preSolution
		HideSolutionNode = FALSE
	EndGlobalSection
	GlobalSection(ExtensibilityGlobals) = postSolution
		SolutionGuid = {D677F025-E5D6-484E-AEF3-419F3726C98C}
	EndGlobalSection
EndGlobal
